
Microsoft Visual Studio Solution File, Format Version 12.00
# Visual Studio 15
VisualStudioVersion = 15.0.27428.2043
MinimumVisualStudioVersion = 10.0.40219.1
Project("{FAE04EC0-301F-11D3-BF4B-00C04F79EFBC}") = "Emlak", "Emlak\Emlak.csproj", "{0E96C9A3-F07D-4D27-B9F5-8CAB05CA98AA}"
EndProject
Global
	GlobalSection(SolutionConfigurationPlatforms) = preSolution
		Debug|Any CPU = Debug|Any CPU
		Release|Any CPU = Release|Any CPU
	EndGlobalSection
	GlobalSection(ProjectConfigurationPlatforms) = postSolution
		{0E96C9A3-F07D-4D27-B9F5-8CAB05CA98AA}.Debug|Any CPU.ActiveCfg = Debug|Any CPU
		{0E96C9A3-F07D-4D27-B9F5-8CAB05CA98AA}.Debug|Any CPU.Build.0 = Debug|Any CPU
		{0E96C9A3-F07D-4D27-B9F5-8CAB05CA98AA}.Release|Any CPU.ActiveCfg = Release|Any CPU
		{0E96C9A3-F07D-4D27-B9F5-8CAB05CA98AA}.Release|Any CPU.Build.0 = Release|Any CPU
	EndGlobalSection
	GlobalSection(SolutionProperties) = preSolution
		HideSolutionNode = FALSE
	EndGlobalSection
	GlobalSection(ExtensibilityGlobals) = postSolution
		SolutionGuid = {9626739A-8882-4039-86CD-485F2794610D}
	EndGlobalSection
EndGlobal
